
Microsoft Visual Studio Solution File, Format Version 12.00
# Visual Studio Version 16
VisualStudioVersion = 16.0.28917.181
MinimumVisualStudioVersion = 10.0.40219.1
Project("{FAE04EC0-301F-11D3-BF4B-00C04F79EFBC}") = "National-Bonds", "National-Bonds\National-Bonds.csproj", "{727FC63D-CA80-4BCF-AED0-4153C566C1BE}"
EndProject
Global
	GlobalSection(SolutionConfigurationPlatforms) = preSolution
		Debug|Any CPU = Debug|Any CPU
		Release|Any CPU = Release|Any CPU
	EndGlobalSection
	GlobalSection(ProjectConfigurationPlatforms) = postSolution
		{727FC63D-CA80-4BCF-AED0-4153C566C1BE}.Debug|Any CPU.ActiveCfg = Debug|Any CPU
		{727FC63D-CA80-4BCF-AED0-4153C566C1BE}.Debug|Any CPU.Build.0 = Debug|Any CPU
		{727FC63D-CA80-4BCF-AED0-4153C566C1BE}.Release|Any CPU.ActiveCfg = Release|Any CPU
		{727FC63D-CA80-4BCF-AED0-4153C566C1BE}.Release|Any CPU.Build.0 = Release|Any CPU
	EndGlobalSection
	GlobalSection(SolutionProperties) = preSolution
		HideSolutionNode = FALSE
	EndGlobalSection
	GlobalSection(ExtensibilityGlobals) = postSolution
		SolutionGuid = {17C188FD-25D4-4EC1-A39C-2E058AAD602E}
	EndGlobalSection
EndGlobal
